
Microsoft Visual Studio Solution File, Format Version 12.00
# Visual Studio Version 17
VisualStudioVersion = 17.9.34728.123
MinimumVisualStudioVersion = 10.0.40219.1
Project("{2150E333-8FDC-42A3-9474-1A3956D46DE8}") = "Services", "Services", "{D16A3994-24D7-4BC3-9FFC-802271BA382F}"
EndProject
Project("{2150E333-8FDC-42A3-9474-1A3956D46DE8}") = "Catalog", "Catalog", "{37466901-C215-47BC-9905-26501506A5DC}"
EndProject
Project("{2150E333-8FDC-42A3-9474-1A3956D46DE8}") = "Presentation", "Presentation", "{1A4E6D8A-ACD0-4473-ABD2-B2D384176562}"
EndProject
Project("{2150E333-8FDC-42A3-9474-1A3956D46DE8}") = "Application", "Application", "{AB73AE4E-4177-451C-8332-E02F77A30DFC}"
EndProject
Project("{9A19103F-16F7-4668-BE54-9A1E7A4F7556}") = "Catalog.Application", "Services\Catalog\Application\Catalog.Application\Catalog.Application.csproj", "{9ACD2521-AF21-4E13-849E-21DA0E10C7EB}"
EndProject
Project("{2150E333-8FDC-42A3-9474-1A3956D46DE8}") = "Domain", "Domain", "{E09EBEFC-F573-4D23-A19C-2976672B17B1}"
EndProject
Project("{9A19103F-16F7-4668-BE54-9A1E7A4F7556}") = "Catalog.Domain", "..\CqrsPOC○\Services\Catalog\Domain\Catalog.Domain\Catalog.Domain.csproj", "{06BCC679-9B55-4D22-89D5-DECE839941EE}"
EndProject
Project("{2150E333-8FDC-42A3-9474-1A3956D46DE8}") = "Transversal", "Transversal", "{F353EF4C-C752-469D-952C-D0176711F694}"
EndProject
Project("{9A19103F-16F7-4668-BE54-9A1E7A4F7556}") = "Catalog.CrossCutting", "Services\Catalog\Transversal\Catalog.CrossCutting\Catalog.CrossCutting.csproj", "{1C1FE44C-1DF4-41B3-AF3F-FE967694FE3C}"
EndProject
Project("{2150E333-8FDC-42A3-9474-1A3956D46DE8}") = "Infrastructure", "Infrastructure", "{49062EED-FC48-4223-8EE5-1909DD532376}"
EndProject
Project("{2150E333-8FDC-42A3-9474-1A3956D46DE8}") = "Persistence", "Persistence", "{2B9DB319-CB6A-404B-A933-2ECA079584EC}"
EndProject
Project("{9A19103F-16F7-4668-BE54-9A1E7A4F7556}") = "Catalog.Persistence", "Services\Catalog\Persistence\Catalog.Persistence\Catalog.Persistence.csproj", "{407C8B2D-76A7-451E-ABC4-7711D8F46B8C}"
EndProject
Project("{9A19103F-16F7-4668-BE54-9A1E7A4F7556}") = "Catalogs.API", "Services\Catalog\Presentation\Catalogs.API\Catalogs.API.csproj", "{C362AC1F-CAA1-4E6E-8188-8861846B1CA2}"
EndProject
Project("{9A19103F-16F7-4668-BE54-9A1E7A4F7556}") = "Catalog.Infrastructure", "Services\Catalog\Infrastructure\Catalog.Infrastructure\Catalog.Infrastructure.csproj", "{0415AD8F-BA8A-43C6-AC05-F305BEA51B38}"
EndProject
Global
	GlobalSection(SolutionConfigurationPlatforms) = preSolution
		Debug|Any CPU = Debug|Any CPU
		Release|Any CPU = Release|Any CPU
	EndGlobalSection
	GlobalSection(ProjectConfigurationPlatforms) = postSolution
		{9ACD2521-AF21-4E13-849E-21DA0E10C7EB}.Debug|Any CPU.ActiveCfg = Debug|Any CPU
		{9ACD2521-AF21-4E13-849E-21DA0E10C7EB}.Debug|Any CPU.Build.0 = Debug|Any CPU
		{9ACD2521-AF21-4E13-849E-21DA0E10C7EB}.Release|Any CPU.ActiveCfg = Release|Any CPU
		{9ACD2521-AF21-4E13-849E-21DA0E10C7EB}.Release|Any CPU.Build.0 = Release|Any CPU
		{06BCC679-9B55-4D22-89D5-DECE839941EE}.Debug|Any CPU.ActiveCfg = Debug|Any CPU
		{06BCC679-9B55-4D22-89D5-DECE839941EE}.Debug|Any CPU.Build.0 = Debug|Any CPU
		{06BCC679-9B55-4D22-89D5-DECE839941EE}.Release|Any CPU.ActiveCfg = Release|Any CPU
		{06BCC679-9B55-4D22-89D5-DECE839941EE}.Release|Any CPU.Build.0 = Release|Any CPU
		{1C1FE44C-1DF4-41B3-AF3F-FE967694FE3C}.Debug|Any CPU.ActiveCfg = Debug|Any CPU
		{1C1FE44C-1DF4-41B3-AF3F-FE967694FE3C}.Debug|Any CPU.Build.0 = Debug|Any CPU
		{1C1FE44C-1DF4-41B3-AF3F-FE967694FE3C}.Release|Any CPU.ActiveCfg = Release|Any CPU
		{1C1FE44C-1DF4-41B3-AF3F-FE967694FE3C}.Release|Any CPU.Build.0 = Release|Any CPU
		{407C8B2D-76A7-451E-ABC4-7711D8F46B8C}.Debug|Any CPU.ActiveCfg = Debug|Any CPU
		{407C8B2D-76A7-451E-ABC4-7711D8F46B8C}.Debug|Any CPU.Build.0 = Debug|Any CPU
		{407C8B2D-76A7-451E-ABC4-7711D8F46B8C}.Release|Any CPU.ActiveCfg = Release|Any CPU
		{407C8B2D-76A7-451E-ABC4-7711D8F46B8C}.Release|Any CPU.Build.0 = Release|Any CPU
		{C362AC1F-CAA1-4E6E-8188-8861846B1CA2}.Debug|Any CPU.ActiveCfg = Debug|Any CPU
		{C362AC1F-CAA1-4E6E-8188-8861846B1CA2}.Debug|Any CPU.Build.0 = Debug|Any CPU
		{C362AC1F-CAA1-4E6E-8188-8861846B1CA2}.Release|Any CPU.ActiveCfg = Release|Any CPU
		{C362AC1F-CAA1-4E6E-8188-8861846B1CA2}.Release|Any CPU.Build.0 = Release|Any CPU
		{0415AD8F-BA8A-43C6-AC05-F305BEA51B38}.Debug|Any CPU.ActiveCfg = Debug|Any CPU
		{0415AD8F-BA8A-43C6-AC05-F305BEA51B38}.Debug|Any CPU.Build.0 = Debug|Any CPU
		{0415AD8F-BA8A-43C6-AC05-F305BEA51B38}.Release|Any CPU.ActiveCfg = Release|Any CPU
		{0415AD8F-BA8A-43C6-AC05-F305BEA51B38}.Release|Any CPU.Build.0 = Release|Any CPU
	EndGlobalSection
	GlobalSection(SolutionProperties) = preSolution
		HideSolutionNode = FALSE
	EndGlobalSection
	GlobalSection(NestedProjects) = preSolution
		{37466901-C215-47BC-9905-26501506A5DC} = {D16A3994-24D7-4BC3-9FFC-802271BA382F}
		{1A4E6D8A-ACD0-4473-ABD2-B2D384176562} = {37466901-C215-47BC-9905-26501506A5DC}
		{AB73AE4E-4177-451C-8332-E02F77A30DFC} = {37466901-C215-47BC-9905-26501506A5DC}
		{9ACD2521-AF21-4E13-849E-21DA0E10C7EB} = {AB73AE4E-4177-451C-8332-E02F77A30DFC}
		{E09EBEFC-F573-4D23-A19C-2976672B17B1} = {37466901-C215-47BC-9905-26501506A5DC}
		{06BCC679-9B55-4D22-89D5-DECE839941EE} = {E09EBEFC-F573-4D23-A19C-2976672B17B1}
		{F353EF4C-C752-469D-952C-D0176711F694} = {37466901-C215-47BC-9905-26501506A5DC}
		{1C1FE44C-1DF4-41B3-AF3F-FE967694FE3C} = {F353EF4C-C752-469D-952C-D0176711F694}
		{49062EED-FC48-4223-8EE5-1909DD532376} = {37466901-C215-47BC-9905-26501506A5DC}
		{2B9DB319-CB6A-404B-A933-2ECA079584EC} = {37466901-C215-47BC-9905-26501506A5DC}
		{407C8B2D-76A7-451E-ABC4-7711D8F46B8C} = {2B9DB319-CB6A-404B-A933-2ECA079584EC}
		{C362AC1F-CAA1-4E6E-8188-8861846B1CA2} = {1A4E6D8A-ACD0-4473-ABD2-B2D384176562}
		{0415AD8F-BA8A-43C6-AC05-F305BEA51B38} = {49062EED-FC48-4223-8EE5-1909DD532376}
	EndGlobalSection
	GlobalSection(ExtensibilityGlobals) = postSolution
		SolutionGuid = {3F10F56C-E8B1-4F72-B8B0-C5EA3CB09E24}
	EndGlobalSection
EndGlobal
